
Microsoft Visual Studio Solution File, Format Version 12.00
# Visual Studio Version 16
VisualStudioVersion = 16.0.30330.147
MinimumVisualStudioVersion = 10.0.40219.1
Project("{FAE04EC0-301F-11D3-BF4B-00C04F79EFBC}") = "CarClassLibrary", "CarClassLibrary\CarClassLibrary.csproj", "{61306F6F-E09B-40E2-A759-548D6D2467A5}"
EndProject
Project("{FAE04EC0-301F-11D3-BF4B-00C04F79EFBC}") = "CarShopConsoleApp", "CarShopConsoleApp\CarShopConsoleApp.csproj", "{D8CB3E2C-B6BF-4FDB-B387-4CBE3207A99E}"
EndProject
Global
	GlobalSection(SolutionConfigurationPlatforms) = preSolution
		Debug|Any CPU = Debug|Any CPU
		Release|Any CPU = Release|Any CPU
	EndGlobalSection
	GlobalSection(ProjectConfigurationPlatforms) = postSolution
		{61306F6F-E09B-40E2-A759-548D6D2467A5}.Debug|Any CPU.ActiveCfg = Debug|Any CPU
		{61306F6F-E09B-40E2-A759-548D6D2467A5}.Debug|Any CPU.Build.0 = Debug|Any CPU
		{61306F6F-E09B-40E2-A759-548D6D2467A5}.Release|Any CPU.ActiveCfg = Release|Any CPU
		{61306F6F-E09B-40E2-A759-548D6D2467A5}.Release|Any CPU.Build.0 = Release|Any CPU
		{D8CB3E2C-B6BF-4FDB-B387-4CBE3207A99E}.Debug|Any CPU.ActiveCfg = Debug|Any CPU
		{D8CB3E2C-B6BF-4FDB-B387-4CBE3207A99E}.Debug|Any CPU.Build.0 = Debug|Any CPU
		{D8CB3E2C-B6BF-4FDB-B387-4CBE3207A99E}.Release|Any CPU.ActiveCfg = Release|Any CPU
		{D8CB3E2C-B6BF-4FDB-B387-4CBE3207A99E}.Release|Any CPU.Build.0 = Release|Any CPU
	EndGlobalSection
	GlobalSection(SolutionProperties) = preSolution
		HideSolutionNode = FALSE
	EndGlobalSection
	GlobalSection(ExtensibilityGlobals) = postSolution
		SolutionGuid = {EA4B8DE1-0E13-4F5C-975B-51D3DDB61363}
	EndGlobalSection
EndGlobal
